PODS:
  - Endpoints (0.4.6)
  - Realm (3.1.1):
    - Realm/Headers (= 3.1.1)
  - Realm/Headers (3.1.1)
  - RealmSwift (3.1.1):
    - Realm (= 3.1.1)
  - SDWebImage (4.3.0):
    - SDWebImage/Core (= 4.3.0)
  - SDWebImage/Core (4.3.0)

DEPENDENCIES:
  - Endpoints
  - RealmSwift
  - SDWebImage

SPEC CHECKSUMS:
  Endpoints: 6adcbb48f26ec8c6db7ac103e5de922a140cbf1f
  Realm: 42d1c38a5b1bbcc828b48a7ce702cb86fc68adf4
  RealmSwift: d31937ca6a6ee54acde64ec839523c0a3c04924b
  SDWebImage: 6da6c8bca115addc4de8613362e1b15f66333825

PODFILE CHECKSUM: 2cc413570552c228887ef88cfde28eed443074a6

COCOAPODS: 1.4.0.beta.2
